<?xml version="1.0" encoding="utf-8"?>
<Project ToolsVersion="4.0" xmlns="http://schemas.microsoft.com/developer/msbuild/2003">
  <ItemGroup>
    <Filter Include="Source Files">
      <UniqueIdentifier>{4FC737F1-C7A5-4376-A066-2A32D752A2FF}</UniqueIdentifier>
      <Extensions>cpp;c;cc;cxx;def;odl;idl;hpj;bat;asm;asmx</Extensions>
    </Filter>
    <Filter Include="Header Files">
      <UniqueIdentifier>{93995380-89BD-4b04-88EB-625FBE52EBFB}</UniqueIdentifier>
      <Extensions>h;hh;hpp;hxx;hm;inl;inc;xsd</Extensions>
    </Filter>
    <Filter Include="Resource Files">
      <UniqueIdentifier>{67DA6AB6-F800-4c08-8B7A-83BB121AAD01}</UniqueIdentifier>
      <Extensions>rc;ico;cur;bmp;dlg;rc2;rct;bin;rgs;gif;jpg;jpeg;jpe;resx;tiff;tif;png;wav;mfcribbon-ms</Extensions>
    </Filter>
    <Filter Include="Resource Files\Shaders">
      <UniqueIdentifier>{abcb2f33-3eb2-43ab-82be-20c09374fb82}</UniqueIdentifier>
    </Filter>
  </ItemGroup>
  <ItemGroup>
    <ClCompile Include="main.cpp">
      <Filter>Source Files</Filter>
    </ClCompile>
    <ClCompile Include="Shader.cpp">
      <Filter>Source Files</Filter>
    </ClCompile>
    <ClCompile Include="Mesh.cpp">
      <Filter>Source Files</Filter>
    </ClCompile>
    <ClCompile Include="Model.cpp">
      <Filter>Source Files</Filter>
    </ClCompile>
  </ItemGroup>
  <ItemGroup>
    <None Include="vertex.glsl">
      <Filter>Resource Files\Shaders</Filter>
    </None>
    <None Include="fragment.glsl">
      <Filter>Resource Files\Shaders</Filter>
    </None>
    <None Include="lampVertex.glsl">
      <Filter>Resource Files\Shaders</Filter>
    </None>
    <None Include="lampFragment.glsl">
      <Filter>Resource Files\Shaders</Filter>
    </None>
    <None Include="modelFragment.glsl">
      <Filter>Resource Files\Shaders</Filter>
    </None>
    <None Include="modelVertex.glsl">
      <Filter>Resource Files\Shaders</Filter>
    </None>
    <None Include="advFragment.glsl">
      <Filter>Resource Files\Shaders</Filter>
    </None>
    <None Include="advVertex.glsl">
      <Filter>Resource Files\Shaders</Filter>
    </None>
    <None Include="advHighlightShader.glsl">
      <Filter>Resource Files\Shaders</Filter>
    </None>
    <None Include="outlineFragment.glsl">
      <Filter>Resource Files\Shaders</Filter>
    </None>
    <None Include="outlineVertex.glsl">
      <Filter>Resource Files\Shaders</Filter>
    </None>
    <None Include="fbFrag.glsl">
      <Filter>Resource Files\Shaders</Filter>
    </None>
    <None Include="fbVtx.glsl">
      <Filter>Resource Files\Shaders</Filter>
    </None>
    <None Include="cmFrag.glsl">
      <Filter>Resource Files\Shaders</Filter>
    </None>
    <None Include="cmVtx.glsl">
      <Filter>Resource Files\Shaders</Filter>
    </None>
    <None Include="envMapFrag.glsl">
      <Filter>Resource Files\Shaders</Filter>
    </None>
    <None Include="envMapVtx.glsl">
      <Filter>Resource Files\Shaders</Filter>
    </None>
    <None Include="advglVtx.glsl">
      <Filter>Resource Files\Shaders</Filter>
    </None>
    <None Include="blueFrag.glsl">
      <Filter>Resource Files\Shaders</Filter>
    </None>
    <None Include="greenFrag.glsl">
      <Filter>Resource Files\Shaders</Filter>
    </None>
    <None Include="redFrag.glsl">
      <Filter>Resource Files\Shaders</Filter>
    </None>
    <None Include="yellowFrag.glsl">
      <Filter>Resource Files\Shaders</Filter>
    </None>
    <None Include="geometryShader.glsl">
      <Filter>Resource Files\Shaders</Filter>
    </None>
    <None Include="geomVtxShader.glsl">
      <Filter>Resource Files\Shaders</Filter>
    </None>
    <None Include="geometryModelFrag.glsl">
      <Filter>Resource Files\Shaders</Filter>
    </None>
    <None Include="geometryModelVtx.glsl">
      <Filter>Resource Files\Shaders</Filter>
    </None>
    <None Include="normalFrag.glsl">
      <Filter>Resource Files\Shaders</Filter>
    </None>
    <None Include="normalGeom.glsl">
      <Filter>Resource Files\Shaders</Filter>
    </None>
    <None Include="normalVtx.glsl">
      <Filter>Resource Files\Shaders</Filter>
    </None>
    <None Include="instancingFrag.glsl">
      <Filter>Resource Files\Shaders</Filter>
    </None>
    <None Include="instancingVtx.glsl">
      <Filter>Resource Files\Shaders</Filter>
    </None>
  </ItemGroup>
  <ItemGroup>
    <ClInclude Include="Shader.h">
      <Filter>Header Files</Filter>
    </ClInclude>
    <ClInclude Include="Camera.h">
      <Filter>Header Files</Filter>
    </ClInclude>
    <ClInclude Include="Mesh.h">
      <Filter>Header Files</Filter>
    </ClInclude>
    <ClInclude Include="Model.h">
      <Filter>Header Files</Filter>
    </ClInclude>
  </ItemGroup>
</Project>